{
  "name": "@toggleature/core-bus",
  "version": "0.0.0",
  "lockfileVersion": 2,
  "requires": true,
  "packages": {
    "": {
      "name": "@toggleature/core-bus",
      "version": "0.0.0",
      "license": "MIT",
      "dependencies": {
        "yabus": "^0.0.1"
      }
    },
    "node_modules/nanoid": {
      "version": "3.1.30",
      "resolved": "https://registry.npmjs.org/nanoid/-/nanoid-3.1.30.tgz",
      "integrity": "sha512-zJpuPDwOv8D2zq2WRoMe1HsfZthVewpel9CAvTfc/2mBD1uUT/agc5f7GHGWXlYkFvi1mVxe4IjvP2HNrop7nQ==",
      "bin": {
        "nanoid": "bin/nanoid.cjs"
      },
      "engines": {
        "node": "^10 || ^12 || ^13.7 || ^14 || >=15.0.1"
      }
    },
    "node_modules/yabus": {
      "version": "0.0.1",
      "resolved": "https://registry.npmjs.org/yabus/-/yabus-0.0.1.tgz",
      "integrity": "sha512-WtABuiXrVae0aUBbRXOVQt9J0TnF8ccNtRNxHScvrWSE7zPgdMD07sJbmOzsxWjccDrKXipWKtlwuhrIIyLxpQ==",
      "dependencies": {
        "nanoid": "^3.1.30"
      }
    }
  },
  "dependencies": {
    "nanoid": {
      "version": "3.1.30",
      "resolved": "https://registry.npmjs.org/nanoid/-/nanoid-3.1.30.tgz",
      "integrity": "sha512-zJpuPDwOv8D2zq2WRoMe1HsfZthVewpel9CAvTfc/2mBD1uUT/agc5f7GHGWXlYkFvi1mVxe4IjvP2HNrop7nQ=="
    },
    "yabus": {
      "version": "0.0.1",
      "resolved": "https://registry.npmjs.org/yabus/-/yabus-0.0.1.tgz",
      "integrity": "sha512-WtABuiXrVae0aUBbRXOVQt9J0TnF8ccNtRNxHScvrWSE7zPgdMD07sJbmOzsxWjccDrKXipWKtlwuhrIIyLxpQ==",
      "requires": {
        "nanoid": "^3.1.30"
      }
    }
  }
}
